---
mruby_version:
  version: 2.1.2
  release_no: 20102
  git_commit: 1a9bdfcde5fd7c91e756747ba0565f29385115a7
builds:
  host:
    https://github.com/iij/mruby-process.git:
      url: https://github.com/iij/mruby-process.git
      branch: HEAD
      commit: 95da206a5764f4e80146979b8e35bd7a9afd6850
      version: 0.0.0
    https://github.com/matsumotory/mruby-uname.git:
      url: https://github.com/matsumotory/mruby-uname.git
      branch: HEAD
      commit: 422f61705a1232f8d033ace3945826ea6b0421a8
      version: 0.0.1
    https://github.com/haconiwa/mruby-exec.git:
      url: https://github.com/haconiwa/mruby-exec.git
      branch: HEAD
      commit: 29085a3357ce6029e56f0e599a1a314d26bd2247
      version: 0.0.0
    https://github.com/iij/mruby-errno.git:
      url: https://github.com/iij/mruby-errno.git
      branch: HEAD
      commit: b4415207ff6ea62360619c89a1cff83259dc4db0
      version: 0.0.0
